// !$*UTF8*$!
{
	archiveVersion = 1;
	classes = {
	};
	objectVersion = 56;
	objects = {

/* Begin PBXBuildFile section */
		102F8A94296EB12B00843F0B /* Localizable.strings in Resources */ = {isa = PBXBuildFile; fileRef = 102F8A96296EB12B00843F0B /* Localizable.strings */; };
		FFBBD4A32966AA0B0047ADF4 /* miniApp.swift in Sources */ = {isa = PBXBuildFile; fileRef = FFBBD4A22966AA0B0047ADF4 /* miniApp.swift */; };
		FFBBD4A52966AA0B0047ADF4 /* ContentView.swift in Sources */ = {isa = PBXBuildFile; fileRef = FFBBD4A42966AA0B0047ADF4 /* ContentView.swift */; };
		FFBBD4A72966AA0C0047ADF4 /* Assets.xcassets in Resources */ = {isa = PBXBuildFile; fileRef = FFBBD4A62966AA0C0047ADF4 /* Assets.xcassets */; };
		FFBBD4AA2966AA0C0047ADF4 /* Preview Assets.xcassets in Resources */ = {isa = PBXBuildFile; fileRef = FFBBD4A92966AA0C0047ADF4 /* Preview Assets.xcassets */; };
		FFBBD4B3296AC0450047ADF4 /* stories.swift in Sources */ = {isa = PBXBuildFile; fileRef = FFBBD4B2296AC0450047ADF4 /* stories.swift */; };
		FFBBD4B5296AC3DD0047ADF4 /* story1.swift in Sources */ = {isa = PBXBuildFile; fileRef = FFBBD4B4296AC3DD0047ADF4 /* story1.swift */; };
/* End PBXBuildFile section */

/* Begin PBXFileReference section */
		102F8A95296EB12B00843F0B /* en */ = {isa = PBXFileReference; lastKnownFileType = text.plist.strings; name = en; path = en.lproj/Localizable.strings; sourceTree = "<group>"; };
		102F8A97296EB19000843F0B /* ar */ = {isa = PBXFileReference; lastKnownFileType = text.plist.strings; name = ar; path = ar.lproj/Localizable.strings; sourceTree = "<group>"; };
		FFBBD49F2966AA0B0047ADF4 /* mini.app */ = {isa = PBXFileReference; explicitFileType = wrapper.application; includeInIndex = 0; path = mini.app; sourceTree = BUILT_PRODUCTS_DIR; };
		FFBBD4A22966AA0B0047ADF4 /* miniApp.swift */ = {isa = PBXFileReference; lastKnownFileType = sourcecode.swift; path = miniApp.swift; sourceTree = "<group>"; };
		FFBBD4A42966AA0B0047ADF4 /* ContentView.swift */ = {isa = PBXFileReference; lastKnownFileType = sourcecode.swift; path = ContentView.swift; sourceTree = "<group>"; tabWidth = 4; usesTabs = 0; wrapsLines = 1; };
		FFBBD4A62966AA0C0047ADF4 /* Assets.xcassets */ = {isa = PBXFileReference; lastKnownFileType = folder.assetcatalog; path = Assets.xcassets; sourceTree = "<group>"; };
		FFBBD4A92966AA0C0047ADF4 /* Preview Assets.xcassets */ = {isa = PBXFileReference; lastKnownFileType = folder.assetcatalog; path = "Preview Assets.xcassets"; sourceTree = "<group>"; };
		FFBBD4B2296AC0450047ADF4 /* stories.swift */ = {isa = PBXFileReference; lastKnownFileType = sourcecode.swift; path = stories.swift; sourceTree = "<group>"; };
		FFBBD4B4296AC3DD0047ADF4 /* story1.swift */ = {isa = PBXFileReference; lastKnownFileType = sourcecode.swift; path = story1.swift; sourceTree = "<group>"; };
/* End PBXFileReference section */

/* Begin PBXFrameworksBuildPhase section */
		FFBBD49C2966AA0B0047ADF4 /* Frameworks */ = {
			isa = PBXFrameworksBuildPhase;
			buildActionMask = 2147483647;
			files = (
			);
			runOnlyForDeploymentPostprocessing = 0;
		};
/* End PBXFrameworksBuildPhase section */

/* Begin PBXGroup section */
		FFBBD4962966AA0B0047ADF4 = {
			isa = PBXGroup;
			children = (
				102F8A96296EB12B00843F0B /* Localizable.strings */,
				FFBBD4A12966AA0B0047ADF4 /* mini */,
				FFBBD4A02966AA0B0047ADF4 /* Products */,
			);
			sourceTree = "<group>";
		};
		FFBBD4A02966AA0B0047ADF4 /* Products */ = {
			isa = PBXGroup;
			children = (
				FFBBD49F2966AA0B0047ADF4 /* mini.app */,
			);
			name = Products;
			sourceTree = "<group>";
		};
		FFBBD4A12966AA0B0047ADF4 /* mini */ = {
			isa = PBXGroup;
			children = (
				FFBBD4A22966AA0B0047ADF4 /* miniApp.swift */,
				FFBBD4A42966AA0B0047ADF4 /* ContentView.swift */,
				FFBBD4B2296AC0450047ADF4 /* stories.swift */,
				FFBBD4B4296AC3DD0047ADF4 /* story1.swift */,
				FFBBD4A62966AA0C0047ADF4 /* Assets.xcassets */,
				FFBBD4A82966AA0C0047ADF4 /* Preview Content */,
			);
			path = mini;
			sourceTree = "<group>";
		};
		FFBBD4A82966AA0C0047ADF4 /* Preview Content */ = {
			isa = PBXGroup;
			children = (
				FFBBD4A92966AA0C0047ADF4 /* Preview Assets.xcassets */,
			);
			path = "Preview Content";
			sourceTree = "<group>";
		};
/* End PBXGroup section */

/* Begin PBXNativeTarget section */
		FFBBD49E2966AA0B0047ADF4 /* mini */ = {
			isa = PBXNativeTarget;
			buildConfigurationList = FFBBD4AD2966AA0C0047ADF4 /* Build configuration list for PBXNativeTarget "mini" */;
			buildPhases = (
				FFBBD49B2966AA0B0047ADF4 /* Sources */,
				FFBBD49C2966AA0B0047ADF4 /* Frameworks */,
				FFBBD49D2966AA0B0047ADF4 /* Resources */,
			);
			buildRules = (
			);
			dependencies = (
			);
			name = mini;
			productName = mini;
			productReference = FFBBD49F2966AA0B0047ADF4 /* mini.app */;
			productType = "com.apple.product-type.application";
		};
/* End PBXNativeTarget section */

/* Begin PBXProject section */
		FFBBD4972966AA0B0047ADF4 /* Project object */ = {
			isa = PBXProject;
			attributes = {
				BuildIndependentTargetsInParallel = 1;
				LastSwiftUpdateCheck = 1420;
				LastUpgradeCheck = 1420;
				TargetAttributes = {
					FFBBD49E2966AA0B0047ADF4 = {
						CreatedOnToolsVersion = 14.2;
					};
				};
			};
			buildConfigurationList = FFBBD49A2966AA0B0047ADF4 /* Build configuration list for PBXProject "mini" */;
			compatibilityVersion = "Xcode 14.0";
			developmentRegion = en;
			hasScannedForEncodings = 0;
			knownRegions = (
				en,
				Base,
				ar,
			);
			mainGroup = FFBBD4962966AA0B0047ADF4;
			productRefGroup = FFBBD4A02966AA0B0047ADF4 /* Products */;
			projectDirPath = "";
			projectRoot = "";
			targets = (
				FFBBD49E2966AA0B0047ADF4 /* mini */,
			);
		};
/* End PBXProject section */

/* Begin PBXResourcesBuildPhase section */
		FFBBD49D2966AA0B0047ADF4 /* Resources */ = {
			isa = PBXResourcesBuildPhase;
			buildActionMask = 2147483647;
			files = (
				FFBBD4AA2966AA0C0047ADF4 /* Preview Assets.xcassets in Resources */,
				102F8A94296EB12B00843F0B /* Localizable.strings in Resources */,
				FFBBD4A72966AA0C0047ADF4 /* Assets.xcassets in Resources */,
			);
			runOnlyForDeploymentPostprocessing = 0;
		};
/* End PBXResourcesBuildPhase section */

/* Begin PBXSourcesBuildPhase section */
		FFBBD49B2966AA0B0047ADF4 /* Sources */ = {
			isa = PBXSourcesBuildPhase;
			buildActionMask = 2147483647;
			files = (
				FFBBD4B3296AC0450047ADF4 /* stories.swift in Sources */,
				FFBBD4B5296AC3DD0047ADF4 /* story1.swift in Sources */,
				FFBBD4A52966AA0B0047ADF4 /* ContentView.swift in Sources */,
				FFBBD4A32966AA0B0047ADF4 /* miniApp.swift in Sources */,
			);
			runOnlyForDeploymentPostprocessing = 0;
		};
/* End PBXSourcesBuildPhase section */

/* Begin PBXVariantGroup section */
		102F8A96296EB12B00843F0B /* Localizable.strings */ = {
			isa = PBXVariantGroup;
			children = (
				102F8A95296EB12B00843F0B /* en */,
				102F8A97296EB19000843F0B /* ar */,
			);
			name = Localizable.strings;
			sourceTree = "<group>";
		};
/* End PBXVariantGroup section */

/* Begin XCBuildConfiguration section */
		FFBBD4AB2966AA0C0047ADF4 /* Debug */ = {
			isa = XCBuildConfiguration;
			buildSettings = {
				ALWAYS_SEARCH_USER_PATHS = NO;
				CLANG_ANALYZER_LOCALIZABILITY_NONLOCALIZED = YES;
				CLANG_ANALYZER_NONNULL = YES;
				CLANG_ANALYZER_NUMBER_OBJECT_CONVERSION = YES_AGGRESSIVE;
				CLANG_CXX_LANGUAGE_STANDARD = "gnu++20";
				CLANG_ENABLE_MODULES = YES;
				CLANG_ENABLE_OBJC_ARC = YES;
				CLANG_ENABLE_OBJC_WEAK = YES;
				CLANG_WARN_BLOCK_CAPTURE_AUTORELEASING = YES;
				CLANG_WARN_BOOL_CONVERSION = YES;
				CLANG_WARN_COMMA = YES;
				CLANG_WARN_CONSTANT_CONVERSION = YES;
				CLANG_WARN_DEPRECATED_OBJC_IMPLEMENTATIONS = YES;
				CLANG_WARN_DIRECT_OBJC_ISA_USAGE = YES_ERROR;
				CLANG_WARN_DOCUMENTATION_COMMENTS = YES;
				CLANG_WARN_EMPTY_BODY = YES;
				CLANG_WARN_ENUM_CONVERSION = YES;
				CLANG_WARN_INFINITE_RECURSION = YES;
				CLANG_WARN_INT_CONVERSION = YES;
				CLANG_WARN_NON_LITERAL_NULL_CONVERSION = YES;
				CLANG_WARN_OBJC_IMPLICIT_RETAIN_SELF = YES;
				CLANG_WARN_OBJC_LITERAL_CONVERSION = YES;
				CLANG_WARN_OBJC_ROOT_CLASS = YES_ERROR;
				CLANG_WARN_QUOTED_INCLUDE_IN_FRAMEWORK_HEADER = YES;
				CLANG_WARN_RANGE_LOOP_ANALYSIS = YES;
				CLANG_WARN_STRICT_PROTOTYPES = YES;
				CLANG_WARN_SUSPICIOUS_MOVE = YES;
				CLANG_WARN_UNGUARDED_AVAILABILITY = YES_AGGRESSIVE;
				CLANG_WARN_UNREACHABLE_CODE = YES;
				CLANG_WARN__DUPLICATE_METHOD_MATCH = YES;
				COPY_PHASE_STRIP = NO;
				DEBUG_INFORMATION_FORMAT = dwarf;
				ENABLE_STRICT_OBJC_MSGSEND = YES;
				ENABLE_TESTABILITY = YES;
				GCC_C_LANGUAGE_STANDARD = gnu11;
				GCC_DYNAMIC_NO_PIC = NO;
				GCC_NO_COMMON_BLOCKS = YES;
				GCC_OPTIMIZATION_LEVEL = 0;
				GCC_PREPROCESSOR_DEFINITIONS = (
					"DEBUG=1",
					"$(inherited)",
				);
				GCC_WARN_64_TO_32_BIT_CONVERSION = YES;
				GCC_WARN_ABOUT_RETURN_TYPE = YES_ERROR;
				GCC_WARN_UNDECLARED_SELECTOR = YES;
				GCC_WARN_UNINITIALIZED_AUTOS = YES_AGGRESSIVE;
				GCC_WARN_UNUSED_FUNCTION = YES;
				GCC_WARN_UNUSED_VARIABLE = YES;
				IPHONEOS_DEPLOYMENT_TARGET = 16.2;
				MTL_ENABLE_DEBUG_INFO = INCLUDE_SOURCE;
				MTL_FAST_MATH = YES;
				ONLY_ACTIVE_ARCH = YES;
				SDKROOT = iphoneos;
				SWIFT_ACTIVE_COMPILATION_CONDITIONS = DEBUG;
				SWIFT_OPTIMIZATION_LEVEL = "-Onone";
			};
			name = Debug;
		};
		FFBBD4AC2966AA0C0047ADF4 /* Release */ = {
			isa = XCBuildConfiguration;
			buildSettings = {
				ALWAYS_SEARCH_USER_PATHS = NO;
				CLANG_ANALYZER_LOCALIZABILITY_NONLOCALIZED = YES;
				CLANG_ANALYZER_NONNULL = YES;
				CLANG_ANALYZER_NUMBER_OBJECT_CONVERSION = YES_AGGRESSIVE;
				CLANG_CXX_LANGUAGE_STANDARD = "gnu++20";
				CLANG_ENABLE_MODULES = YES;
				CLANG_ENABLE_OBJC_ARC = YES;
				CLANG_ENABLE_OBJC_WEAK = YES;
				CLANG_WARN_BLOCK_CAPTURE_AUTORELEASING = YES;
				CLANG_WARN_BOOL_CONVERSION = YES;
				CLANG_WARN_COMMA = YES;
				CLANG_WARN_CONSTANT_CONVERSION = YES;
				CLANG_WARN_DEPRECATED_OBJC_IMPLEMENTATIONS = YES;
				CLANG_WARN_DIRECT_OBJC_ISA_USAGE = YES_ERROR;
				CLANG_WARN_DOCUMENTATION_COMMENTS = YES;
				CLANG_WARN_EMPTY_BODY = YES;
				CLANG_WARN_ENUM_CONVERSION = YES;
				CLANG_WARN_INFINITE_RECURSION = YES;
				CLANG_WARN_INT_CONVERSION = YES;
				CLANG_WARN_NON_LITERAL_NULL_CONVERSION = YES;
				CLANG_WARN_OBJC_IMPLICIT_RETAIN_SELF = YES;
				CLANG_WARN_OBJC_LITERAL_CONVERSION = YES;
				CLANG_WARN_OBJC_ROOT_CLASS = YES_ERROR;
				CLANG_WARN_QUOTED_INCLUDE_IN_FRAMEWORK_HEADER = YES;
				CLANG_WARN_RANGE_LOOP_ANALYSIS = YES;
				CLANG_WARN_STRICT_PROTOTYPES = YES;
				CLANG_WARN_SUSPICIOUS_MOVE = YES;
				CLANG_WARN_UNGUARDED_AVAILABILITY = YES_AGGRESSIVE;
				CLANG_WARN_UNREACHABLE_CODE = YES;
				CLANG_WARN__DUPLICATE_METHOD_MATCH = YES;
				COPY_PHASE_STRIP = NO;
				DEBUG_INFORMATION_FORMAT = "dwarf-with-dsym";
				ENABLE_NS_ASSERTIONS = NO;
				ENABLE_STRICT_OBJC_MSGSEND = YES;
				GCC_C_LANGUAGE_STANDARD = gnu11;
				GCC_NO_COMMON_BLOCKS = YES;
				GCC_WARN_64_TO_32_BIT_CONVERSION = YES;
				GCC_WARN_ABOUT_RETURN_TYPE = YES_ERROR;
				GCC_WARN_UNDECLARED_SELECTOR = YES;
				GCC_WARN_UNINITIALIZED_AUTOS = YES_AGGRESSIVE;
				GCC_WARN_UNUSED_FUNCTION = YES;
				GCC_WARN_UNUSED_VARIABLE = YES;
				IPHONEOS_DEPLOYMENT_TARGET = 16.2;
				MTL_ENABLE_DEBUG_INFO = NO;
				MTL_FAST_MATH = YES;
				SDKROOT = iphoneos;
				SWIFT_COMPILATION_MODE = wholemodule;
				SWIFT_OPTIMIZATION_LEVEL = "-O";
				VALIDATE_PRODUCT = YES;
			};
			name = Release;
		};
		FFBBD4AE2966AA0C0047ADF4 /* Debug */ = {
			isa = XCBuildConfiguration;
			buildSettings = {
				ASSETCATALOG_COMPILER_APPICON_NAME = AppIcon;
				ASSETCATALOG_COMPILER_GLOBAL_ACCENT_COLOR_NAME = AccentColor;
				CODE_SIGN_STYLE = Automatic;
				CURRENT_PROJECT_VERSION = 1;
				DEVELOPMENT_ASSET_PATHS = "\"mini/Preview Content\"";
				DEVELOPMENT_TEAM = 32FND8WLL5;
				ENABLE_PREVIEWS = YES;
				GENERATE_INFOPLIST_FILE = YES;
				INFOPLIST_KEY_UIApplicationSceneManifest_Generation = YES;
				INFOPLIST_KEY_UIApplicationSupportsIndirectInputEvents = YES;
				INFOPLIST_KEY_UILaunchScreen_Generation = YES;
				INFOPLIST_KEY_UISupportedInterfaceOrientations_iPad = "UIInterfaceOrientationPortrait UIInterfaceOrientationPortraitUpsideDown UIInterfaceOrientationLandscapeLeft UIInterfaceOrientationLandscapeRight";
				INFOPLIST_KEY_UISupportedInterfaceOrientations_iPhone = "UIInterfaceOrientationPortrait UIInterfaceOrientationLandscapeLeft UIInterfaceOrientationLandscapeRight";
				IPHONEOS_DEPLOYMENT_TARGET = 15.6;
				LD_RUNPATH_SEARCH_PATHS = (
					"$(inherited)",
					"@executable_path/Frameworks",
				);
				MARKETING_VERSION = 1.0;
				PRODUCT_BUNDLE_IDENTIFIER = mini;
				PRODUCT_NAME = "$(TARGET_NAME)";
				SWIFT_EMIT_LOC_STRINGS = YES;
				SWIFT_VERSION = 5.0;
				TARGETED_DEVICE_FAMILY = "1,2";
			};
			name = Debug;
		};
		FFBBD4AF2966AA0C0047ADF4 /* Release */ = {
			isa = XCBuildConfiguration;
			buildSettings = {
				ASSETCATALOG_COMPILER_APPICON_NAME = AppIcon;
				ASSETCATALOG_COMPILER_GLOBAL_ACCENT_COLOR_NAME = AccentColor;
				CODE_SIGN_STYLE = Automatic;
				CURRENT_PROJECT_VERSION = 1;
				DEVELOPMENT_ASSET_PATHS = "\"mini/Preview Content\"";
				DEVELOPMENT_TEAM = 32FND8WLL5;
				ENABLE_PREVIEWS = YES;
				GENERATE_INFOPLIST_FILE = YES;
				INFOPLIST_KEY_UIApplicationSceneManifest_Generation = YES;
				INFOPLIST_KEY_UIApplicationSupportsIndirectInputEvents = YES;
				INFOPLIST_KEY_UILaunchScreen_Generation = YES;
				INFOPLIST_KEY_UISupportedInterfaceOrientations_iPad = "UIInterfaceOrientationPortrait UIInterfaceOrientationPortraitUpsideDown UIInterfaceOrientationLandscapeLeft UIInterfaceOrientationLandscapeRight";
				INFOPLIST_KEY_UISupportedInterfaceOrientations_iPhone = "UIInterfaceOrientationPortrait UIInterfaceOrientationLandscapeLeft UIInterfaceOrientationLandscapeRight";
				IPHONEOS_DEPLOYMENT_TARGET = 15.6;
				LD_RUNPATH_SEARCH_PATHS = (
					"$(inherited)",
					"@executable_path/Frameworks",
				);
				MARKETING_VERSION = 1.0;
				PRODUCT_BUNDLE_IDENTIFIER = mini;
				PRODUCT_NAME = "$(TARGET_NAME)";
				SWIFT_EMIT_LOC_STRINGS = YES;
				SWIFT_VERSION = 5.0;
				TARGETED_DEVICE_FAMILY = "1,2";
			};
			name = Release;
		};
/* End XCBuildConfiguration section */

/* Begin XCConfigurationList section */
		FFBBD49A2966AA0B0047ADF4 /* Build configuration list for PBXProject "mini" */ = {
			isa = XCConfigurationList;
			buildConfigurations = (
				FFBBD4AB2966AA0C0047ADF4 /* Debug */,
				FFBBD4AC2966AA0C0047ADF4 /* Release */,
			);
			defaultConfigurationIsVisible = 0;
			defaultConfigurationName = Release;
		};
		FFBBD4AD2966AA0C0047ADF4 /* Build configuration list for PBXNativeTarget "mini" */ = {
			isa = XCConfigurationList;
			buildConfigurations = (
				FFBBD4AE2966AA0C0047ADF4 /* Debug */,
				FFBBD4AF2966AA0C0047ADF4 /* Release */,
			);
			defaultConfigurationIsVisible = 0;
			defaultConfigurationName = Release;
		};
/* End XCConfigurationList section */
	};
	rootObject = FFBBD4972966AA0B0047ADF4 /* Project object */;
}
